// !$*UTF8*$!
{
	archiveVersion = 1;
	classes = {
	};
	objectVersion = 55;
	objects = {

/* Begin PBXBuildFile section */
		5663D5DD27BDA8DE00F8F372 /* Tests_iOS.swift in Sources */ = {isa = PBXBuildFile; fileRef = 5663D5DC27BDA8DE00F8F372 /* Tests_iOS.swift */; };
		5663D5DF27BDA8DE00F8F372 /* Tests_iOSLaunchTests.swift in Sources */ = {isa = PBXBuildFile; fileRef = 5663D5DE27BDA8DE00F8F372 /* Tests_iOSLaunchTests.swift */; };
		5663D5E927BDA8DE00F8F372 /* Tests_macOS.swift in Sources */ = {isa = PBXBuildFile; fileRef = 5663D5E827BDA8DE00F8F372 /* Tests_macOS.swift */; };
		5663D5EB27BDA8DE00F8F372 /* Tests_macOSLaunchTests.swift in Sources */ = {isa = PBXBuildFile; fileRef = 5663D5EA27BDA8DE00F8F372 /* Tests_macOSLaunchTests.swift */; };
		5663D5EC27BDA8DE00F8F372 /* BraveWalletHackApp.swift in Sources */ = {isa = PBXBuildFile; fileRef = 5663D5C427BDA8DC00F8F372 /* BraveWalletHackApp.swift */; };
		5663D5ED27BDA8DE00F8F372 /* BraveWalletHackApp.swift in Sources */ = {isa = PBXBuildFile; fileRef = 5663D5C427BDA8DC00F8F372 /* BraveWalletHackApp.swift */; };
		5663D5EE27BDA8DE00F8F372 /* RootView.swift in Sources */ = {isa = PBXBuildFile; fileRef = 5663D5C527BDA8DC00F8F372 /* RootView.swift */; };
		5663D5EF27BDA8DE00F8F372 /* RootView.swift in Sources */ = {isa = PBXBuildFile; fileRef = 5663D5C527BDA8DC00F8F372 /* RootView.swift */; };
		5663D5F027BDA8DE00F8F372 /* Assets.xcassets in Resources */ = {isa = PBXBuildFile; fileRef = 5663D5C627BDA8DE00F8F372 /* Assets.xcassets */; };
		5663D5F127BDA8DE00F8F372 /* Assets.xcassets in Resources */ = {isa = PBXBuildFile; fileRef = 5663D5C627BDA8DE00F8F372 /* Assets.xcassets */; };
		5663D60227BDA98C00F8F372 /* ComposableArchitecture in Frameworks */ = {isa = PBXBuildFile; productRef = 5663D60127BDA98C00F8F372 /* ComposableArchitecture */; };
		5663D60727BDAA9A00F8F372 /* DashboardView.swift in Sources */ = {isa = PBXBuildFile; fileRef = 5663D60627BDAA9A00F8F372 /* DashboardView.swift */; };
		5663D60A27BDAAA700F8F372 /* DashboardReducer.swift in Sources */ = {isa = PBXBuildFile; fileRef = 5663D60927BDAAA700F8F372 /* DashboardReducer.swift */; };
		5663D60C27BDAB8100F8F372 /* LocalizationConstants.swift in Sources */ = {isa = PBXBuildFile; fileRef = 5663D60B27BDAB8100F8F372 /* LocalizationConstants.swift */; };
		5663D60E27BDAEB000F8F372 /* CryptoAsset.swift in Sources */ = {isa = PBXBuildFile; fileRef = 5663D60D27BDAEB000F8F372 /* CryptoAsset.swift */; };
		5663D61127BDB75E00F8F372 /* AssetRow.swift in Sources */ = {isa = PBXBuildFile; fileRef = 5663D61027BDB75E00F8F372 /* AssetRow.swift */; };
		5663D61427BDBAB700F8F372 /* Alamofire in Frameworks */ = {isa = PBXBuildFile; productRef = 5663D61327BDBAB700F8F372 /* Alamofire */; };
		5663D61727BDBDE500F8F372 /* CryptoAssetFetchingClient.swift in Sources */ = {isa = PBXBuildFile; fileRef = 5663D61627BDBDE500F8F372 /* CryptoAssetFetchingClient.swift */; };
		5663D61B27BDBE3D00F8F372 /* CryptoAssetRepository.swift in Sources */ = {isa = PBXBuildFile; fileRef = 5663D61A27BDBE3D00F8F372 /* CryptoAssetRepository.swift */; };
		5663D62027BDBE5F00F8F372 /* CryptoAssetRepositoryAPI.swift in Sources */ = {isa = PBXBuildFile; fileRef = 5663D61F27BDBE5F00F8F372 /* CryptoAssetRepositoryAPI.swift */; };
		56A874FF27C1249900C0F263 /* CryptoAssetResponse.swift in Sources */ = {isa = PBXBuildFile; fileRef = 56A874FE27C1249900C0F263 /* CryptoAssetResponse.swift */; };
		56A8750127C1300300C0F263 /* ROIResponse.swift in Sources */ = {isa = PBXBuildFile; fileRef = 56A8750027C1300300C0F263 /* ROIResponse.swift */; };
		56A8750327C1599E00C0F263 /* APIConstants.swift in Sources */ = {isa = PBXBuildFile; fileRef = 56A8750227C1599E00C0F263 /* APIConstants.swift */; };
		56A8750527C163A000C0F263 /* PriceResponse.swift in Sources */ = {isa = PBXBuildFile; fileRef = 56A8750427C163A000C0F263 /* PriceResponse.swift */; };
/* End PBXBuildFile section */

/* Begin PBXContainerItemProxy section */
		5663D5D927BDA8DE00F8F372 /* PBXContainerItemProxy */ = {
			isa = PBXContainerItemProxy;
			containerPortal = 5663D5BF27BDA8DB00F8F372 /* Project object */;
			proxyType = 1;
			remoteGlobalIDString = 5663D5CA27BDA8DE00F8F372;
			remoteInfo = "BraveWalletHack (iOS)";
		};
		5663D5E527BDA8DE00F8F372 /* PBXContainerItemProxy */ = {
			isa = PBXContainerItemProxy;
			containerPortal = 5663D5BF27BDA8DB00F8F372 /* Project object */;
			proxyType = 1;
			remoteGlobalIDString = 5663D5D027BDA8DE00F8F372;
			remoteInfo = "BraveWalletHack (macOS)";
		};
/* End PBXContainerItemProxy section */

/* Begin PBXFileReference section */
		5663D5C427BDA8DC00F8F372 /* BraveWalletHackApp.swift */ = {isa = PBXFileReference; lastKnownFileType = sourcecode.swift; path = BraveWalletHackApp.swift; sourceTree = "<group>"; };
		5663D5C527BDA8DC00F8F372 /* RootView.swift */ = {isa = PBXFileReference; lastKnownFileType = sourcecode.swift; path = RootView.swift; sourceTree = "<group>"; };
		5663D5C627BDA8DE00F8F372 /* Assets.xcassets */ = {isa = PBXFileReference; lastKnownFileType = folder.assetcatalog; path = Assets.xcassets; sourceTree = "<group>"; };
		5663D5CB27BDA8DE00F8F372 /* BraveWalletHack.app */ = {isa = PBXFileReference; explicitFileType = wrapper.application; includeInIndex = 0; path = BraveWalletHack.app; sourceTree = BUILT_PRODUCTS_DIR; };
		5663D5D127BDA8DE00F8F372 /* BraveWalletHack.app */ = {isa = PBXFileReference; explicitFileType = wrapper.application; includeInIndex = 0; path = BraveWalletHack.app; sourceTree = BUILT_PRODUCTS_DIR; };
		5663D5D327BDA8DE00F8F372 /* macOS.entitlements */ = {isa = PBXFileReference; lastKnownFileType = text.plist.entitlements; path = macOS.entitlements; sourceTree = "<group>"; };
		5663D5D827BDA8DE00F8F372 /* Tests iOS.xctest */ = {isa = PBXFileReference; explicitFileType = wrapper.cfbundle; includeInIndex = 0; path = "Tests iOS.xctest"; sourceTree = BUILT_PRODUCTS_DIR; };
		5663D5DC27BDA8DE00F8F372 /* Tests_iOS.swift */ = {isa = PBXFileReference; lastKnownFileType = sourcecode.swift; path = Tests_iOS.swift; sourceTree = "<group>"; };
		5663D5DE27BDA8DE00F8F372 /* Tests_iOSLaunchTests.swift */ = {isa = PBXFileReference; lastKnownFileType = sourcecode.swift; path = Tests_iOSLaunchTests.swift; sourceTree = "<group>"; };
		5663D5E427BDA8DE00F8F372 /* Tests macOS.xctest */ = {isa = PBXFileReference; explicitFileType = wrapper.cfbundle; includeInIndex = 0; path = "Tests macOS.xctest"; sourceTree = BUILT_PRODUCTS_DIR; };
		5663D5E827BDA8DE00F8F372 /* Tests_macOS.swift */ = {isa = PBXFileReference; lastKnownFileType = sourcecode.swift; path = Tests_macOS.swift; sourceTree = "<group>"; };
		5663D5EA27BDA8DE00F8F372 /* Tests_macOSLaunchTests.swift */ = {isa = PBXFileReference; lastKnownFileType = sourcecode.swift; path = Tests_macOSLaunchTests.swift; sourceTree = "<group>"; };
		5663D60627BDAA9A00F8F372 /* DashboardView.swift */ = {isa = PBXFileReference; lastKnownFileType = sourcecode.swift; path = DashboardView.swift; sourceTree = "<group>"; };
		5663D60927BDAAA700F8F372 /* DashboardReducer.swift */ = {isa = PBXFileReference; lastKnownFileType = sourcecode.swift; path = DashboardReducer.swift; sourceTree = "<group>"; };
		5663D60B27BDAB8100F8F372 /* LocalizationConstants.swift */ = {isa = PBXFileReference; lastKnownFileType = sourcecode.swift; path = LocalizationConstants.swift; sourceTree = "<group>"; };
		5663D60D27BDAEB000F8F372 /* CryptoAsset.swift */ = {isa = PBXFileReference; lastKnownFileType = sourcecode.swift; path = CryptoAsset.swift; sourceTree = "<group>"; };
		5663D61027BDB75E00F8F372 /* AssetRow.swift */ = {isa = PBXFileReference; lastKnownFileType = sourcecode.swift; path = AssetRow.swift; sourceTree = "<group>"; };
		5663D61627BDBDE500F8F372 /* CryptoAssetFetchingClient.swift */ = {isa = PBXFileReference; lastKnownFileType = sourcecode.swift; path = CryptoAssetFetchingClient.swift; sourceTree = "<group>"; };
		5663D61A27BDBE3D00F8F372 /* CryptoAssetRepository.swift */ = {isa = PBXFileReference; lastKnownFileType = sourcecode.swift; path = CryptoAssetRepository.swift; sourceTree = "<group>"; };
		5663D61F27BDBE5F00F8F372 /* CryptoAssetRepositoryAPI.swift */ = {isa = PBXFileReference; lastKnownFileType = sourcecode.swift; path = CryptoAssetRepositoryAPI.swift; sourceTree = "<group>"; };
		56A874FE27C1249900C0F263 /* CryptoAssetResponse.swift */ = {isa = PBXFileReference; lastKnownFileType = sourcecode.swift; path = CryptoAssetResponse.swift; sourceTree = "<group>"; };
		56A8750027C1300300C0F263 /* ROIResponse.swift */ = {isa = PBXFileReference; lastKnownFileType = sourcecode.swift; path = ROIResponse.swift; sourceTree = "<group>"; };
		56A8750227C1599E00C0F263 /* APIConstants.swift */ = {isa = PBXFileReference; lastKnownFileType = sourcecode.swift; path = APIConstants.swift; sourceTree = "<group>"; };
		56A8750427C163A000C0F263 /* PriceResponse.swift */ = {isa = PBXFileReference; lastKnownFileType = sourcecode.swift; path = PriceResponse.swift; sourceTree = "<group>"; };
/* End PBXFileReference section */

/* Begin PBXFrameworksBuildPhase section */
		5663D5C827BDA8DE00F8F372 /* Frameworks */ = {
			isa = PBXFrameworksBuildPhase;
			buildActionMask = 2147483647;
			files = (
				5663D60227BDA98C00F8F372 /* ComposableArchitecture in Frameworks */,
				5663D61427BDBAB700F8F372 /* Alamofire in Frameworks */,
			);
			runOnlyForDeploymentPostprocessing = 0;
		};
		5663D5CE27BDA8DE00F8F372 /* Frameworks */ = {
			isa = PBXFrameworksBuildPhase;
			buildActionMask = 2147483647;
			files = (
			);
			runOnlyForDeploymentPostprocessing = 0;
		};
		5663D5D527BDA8DE00F8F372 /* Frameworks */ = {
			isa = PBXFrameworksBuildPhase;
			buildActionMask = 2147483647;
			files = (
			);
			runOnlyForDeploymentPostprocessing = 0;
		};
		5663D5E127BDA8DE00F8F372 /* Frameworks */ = {
			isa = PBXFrameworksBuildPhase;
			buildActionMask = 2147483647;
			files = (
			);
			runOnlyForDeploymentPostprocessing = 0;
		};
/* End PBXFrameworksBuildPhase section */

/* Begin PBXGroup section */
		5663D5BE27BDA8DB00F8F372 = {
			isa = PBXGroup;
			children = (
				5663D5C327BDA8DC00F8F372 /* FeatureDashboard */,
				5663D5D227BDA8DE00F8F372 /* macOS */,
				5663D5DB27BDA8DE00F8F372 /* Tests iOS */,
				5663D5E727BDA8DE00F8F372 /* Tests macOS */,
				5663D5CC27BDA8DE00F8F372 /* Products */,
			);
			sourceTree = "<group>";
		};
		5663D5C327BDA8DC00F8F372 /* FeatureDashboard */ = {
			isa = PBXGroup;
			children = (
				5663D5C427BDA8DC00F8F372 /* BraveWalletHackApp.swift */,
				5663D5C527BDA8DC00F8F372 /* RootView.swift */,
				5663D60527BDA9BE00F8F372 /* Data */,
				5663D60427BDA9B800F8F372 /* Domain */,
				5663D60327BDA9B200F8F372 /* Presentation */,
				5663D5C627BDA8DE00F8F372 /* Assets.xcassets */,
			);
			path = FeatureDashboard;
			sourceTree = "<group>";
		};
		5663D5CC27BDA8DE00F8F372 /* Products */ = {
			isa = PBXGroup;
			children = (
				5663D5CB27BDA8DE00F8F372 /* BraveWalletHack.app */,
				5663D5D127BDA8DE00F8F372 /* BraveWalletHack.app */,
				5663D5D827BDA8DE00F8F372 /* Tests iOS.xctest */,
				5663D5E427BDA8DE00F8F372 /* Tests macOS.xctest */,
			);
			name = Products;
			sourceTree = "<group>";
		};
		5663D5D227BDA8DE00F8F372 /* macOS */ = {
			isa = PBXGroup;
			children = (
				5663D5D327BDA8DE00F8F372 /* macOS.entitlements */,
			);
			path = macOS;
			sourceTree = "<group>";
		};
		5663D5DB27BDA8DE00F8F372 /* Tests iOS */ = {
			isa = PBXGroup;
			children = (
				5663D5DC27BDA8DE00F8F372 /* Tests_iOS.swift */,
				5663D5DE27BDA8DE00F8F372 /* Tests_iOSLaunchTests.swift */,
			);
			path = "Tests iOS";
			sourceTree = "<group>";
		};
		5663D5E727BDA8DE00F8F372 /* Tests macOS */ = {
			isa = PBXGroup;
			children = (
				5663D5E827BDA8DE00F8F372 /* Tests_macOS.swift */,
				5663D5EA27BDA8DE00F8F372 /* Tests_macOSLaunchTests.swift */,
			);
			path = "Tests macOS";
			sourceTree = "<group>";
		};
		5663D60327BDA9B200F8F372 /* Presentation */ = {
			isa = PBXGroup;
			children = (
				5663D61527BDBD6100F8F372 /* AssetList */,
				5663D60F27BDB74D00F8F372 /* Dashboard */,
				5663D60B27BDAB8100F8F372 /* LocalizationConstants.swift */,
			);
			path = Presentation;
			sourceTree = "<group>";
		};
		5663D60427BDA9B800F8F372 /* Domain */ = {
			isa = PBXGroup;
			children = (
				5663D61D27BDBE4D00F8F372 /* Models */,
				5663D61C27BDBE4500F8F372 /* Repositories */,
			);
			path = Domain;
			sourceTree = "<group>";
		};
		5663D60527BDA9BE00F8F372 /* Data */ = {
			isa = PBXGroup;
			children = (
				5663D62127BDBEAC00F8F372 /* Models */,
				5663D61927BDBE3000F8F372 /* Repositories */,
				5663D61827BDBE2800F8F372 /* Client */,
				56A8750227C1599E00C0F263 /* APIConstants.swift */,
			);
			path = Data;
			sourceTree = "<group>";
		};
		5663D60F27BDB74D00F8F372 /* Dashboard */ = {
			isa = PBXGroup;
			children = (
				5663D60627BDAA9A00F8F372 /* DashboardView.swift */,
				5663D60927BDAAA700F8F372 /* DashboardReducer.swift */,
			);
			path = Dashboard;
			sourceTree = "<group>";
		};
		5663D61527BDBD6100F8F372 /* AssetList */ = {
			isa = PBXGroup;
			children = (
				5663D61027BDB75E00F8F372 /* AssetRow.swift */,
			);
			path = AssetList;
			sourceTree = "<group>";
		};
		5663D61827BDBE2800F8F372 /* Client */ = {
			isa = PBXGroup;
			children = (
				5663D61627BDBDE500F8F372 /* CryptoAssetFetchingClient.swift */,
			);
			path = Client;
			sourceTree = "<group>";
		};
		5663D61927BDBE3000F8F372 /* Repositories */ = {
			isa = PBXGroup;
			children = (
				5663D61A27BDBE3D00F8F372 /* CryptoAssetRepository.swift */,
			);
			path = Repositories;
			sourceTree = "<group>";
		};
		5663D61C27BDBE4500F8F372 /* Repositories */ = {
			isa = PBXGroup;
			children = (
				5663D61F27BDBE5F00F8F372 /* CryptoAssetRepositoryAPI.swift */,
			);
			path = Repositories;
			sourceTree = "<group>";
		};
		5663D61D27BDBE4D00F8F372 /* Models */ = {
			isa = PBXGroup;
			children = (
				5663D60D27BDAEB000F8F372 /* CryptoAsset.swift */,
			);
			path = Models;
			sourceTree = "<group>";
		};
		5663D62127BDBEAC00F8F372 /* Models */ = {
			isa = PBXGroup;
			children = (
				56A874FE27C1249900C0F263 /* CryptoAssetResponse.swift */,
				56A8750027C1300300C0F263 /* ROIResponse.swift */,
				56A8750427C163A000C0F263 /* PriceResponse.swift */,
			);
			path = Models;
			sourceTree = "<group>";
		};
/* End PBXGroup section */

/* Begin PBXNativeTarget section */
		5663D5CA27BDA8DE00F8F372 /* BraveWalletHack (iOS) */ = {
			isa = PBXNativeTarget;
			buildConfigurationList = 5663D5F427BDA8DE00F8F372 /* Build configuration list for PBXNativeTarget "BraveWalletHack (iOS)" */;
			buildPhases = (
				5663D5C727BDA8DE00F8F372 /* Sources */,
				5663D5C827BDA8DE00F8F372 /* Frameworks */,
				5663D5C927BDA8DE00F8F372 /* Resources */,
			);
			buildRules = (
			);
			dependencies = (
			);
			name = "BraveWalletHack (iOS)";
			packageProductDependencies = (
				5663D60127BDA98C00F8F372 /* ComposableArchitecture */,
				5663D61327BDBAB700F8F372 /* Alamofire */,
			);
			productName = "BraveWalletHack (iOS)";
			productReference = 5663D5CB27BDA8DE00F8F372 /* BraveWalletHack.app */;
			productType = "com.apple.product-type.application";
		};
		5663D5D027BDA8DE00F8F372 /* BraveWalletHack (macOS) */ = {
			isa = PBXNativeTarget;
			buildConfigurationList = 5663D5F727BDA8DE00F8F372 /* Build configuration list for PBXNativeTarget "BraveWalletHack (macOS)" */;
			buildPhases = (
				5663D5CD27BDA8DE00F8F372 /* Sources */,
				5663D5CE27BDA8DE00F8F372 /* Frameworks */,
				5663D5CF27BDA8DE00F8F372 /* Resources */,
			);
			buildRules = (
			);
			dependencies = (
			);
			name = "BraveWalletHack (macOS)";
			productName = "BraveWalletHack (macOS)";
			productReference = 5663D5D127BDA8DE00F8F372 /* BraveWalletHack.app */;
			productType = "com.apple.product-type.application";
		};
		5663D5D727BDA8DE00F8F372 /* Tests iOS */ = {
			isa = PBXNativeTarget;
			buildConfigurationList = 5663D5FA27BDA8DE00F8F372 /* Build configuration list for PBXNativeTarget "Tests iOS" */;
			buildPhases = (
				5663D5D427BDA8DE00F8F372 /* Sources */,
				5663D5D527BDA8DE00F8F372 /* Frameworks */,
				5663D5D627BDA8DE00F8F372 /* Resources */,
			);
			buildRules = (
			);
			dependencies = (
				5663D5DA27BDA8DE00F8F372 /* PBXTargetDependency */,
			);
			name = "Tests iOS";
			productName = "Tests iOS";
			productReference = 5663D5D827BDA8DE00F8F372 /* Tests iOS.xctest */;
			productType = "com.apple.product-type.bundle.ui-testing";
		};
		5663D5E327BDA8DE00F8F372 /* Tests macOS */ = {
			isa = PBXNativeTarget;
			buildConfigurationList = 5663D5FD27BDA8DE00F8F372 /* Build configuration list for PBXNativeTarget "Tests macOS" */;
			buildPhases = (
				5663D5E027BDA8DE00F8F372 /* Sources */,
				5663D5E127BDA8DE00F8F372 /* Frameworks */,
				5663D5E227BDA8DE00F8F372 /* Resources */,
			);
			buildRules = (
			);
			dependencies = (
				5663D5E627BDA8DE00F8F372 /* PBXTargetDependency */,
			);
			name = "Tests macOS";
			productName = "Tests macOS";
			productReference = 5663D5E427BDA8DE00F8F372 /* Tests macOS.xctest */;
			productType = "com.apple.product-type.bundle.ui-testing";
		};
/* End PBXNativeTarget section */

/* Begin PBXProject section */
		5663D5BF27BDA8DB00F8F372 /* Project object */ = {
			isa = PBXProject;
			attributes = {
				BuildIndependentTargetsInParallel = 1;
				LastSwiftUpdateCheck = 1330;
				LastUpgradeCheck = 1330;
				TargetAttributes = {
					5663D5CA27BDA8DE00F8F372 = {
						CreatedOnToolsVersion = 13.3;
					};
					5663D5D027BDA8DE00F8F372 = {
						CreatedOnToolsVersion = 13.3;
					};
					5663D5D727BDA8DE00F8F372 = {
						CreatedOnToolsVersion = 13.3;
						TestTargetID = 5663D5CA27BDA8DE00F8F372;
					};
					5663D5E327BDA8DE00F8F372 = {
						CreatedOnToolsVersion = 13.3;
						TestTargetID = 5663D5D027BDA8DE00F8F372;
					};
				};
			};
			buildConfigurationList = 5663D5C227BDA8DB00F8F372 /* Build configuration list for PBXProject "BraveWalletHack" */;
			compatibilityVersion = "Xcode 13.0";
			developmentRegion = en;
			hasScannedForEncodings = 0;
			knownRegions = (
				en,
				Base,
			);
			mainGroup = 5663D5BE27BDA8DB00F8F372;
			packageReferences = (
				5663D60027BDA98C00F8F372 /* XCRemoteSwiftPackageReference "swift-composable-architecture" */,
				5663D61227BDBAB700F8F372 /* XCRemoteSwiftPackageReference "Alamofire" */,
			);
			productRefGroup = 5663D5CC27BDA8DE00F8F372 /* Products */;
			projectDirPath = "";
			projectRoot = "";
			targets = (
				5663D5CA27BDA8DE00F8F372 /* BraveWalletHack (iOS) */,
				5663D5D027BDA8DE00F8F372 /* BraveWalletHack (macOS) */,
				5663D5D727BDA8DE00F8F372 /* Tests iOS */,
				5663D5E327BDA8DE00F8F372 /* Tests macOS */,
			);
		};
/* End PBXProject section */

/* Begin PBXResourcesBuildPhase section */
		5663D5C927BDA8DE00F8F372 /* Resources */ = {
			isa = PBXResourcesBuildPhase;
			buildActionMask = 2147483647;
			files = (
				5663D5F027BDA8DE00F8F372 /* Assets.xcassets in Resources */,
			);
			runOnlyForDeploymentPostprocessing = 0;
		};
		5663D5CF27BDA8DE00F8F372 /* Resources */ = {
			isa = PBXResourcesBuildPhase;
			buildActionMask = 2147483647;
			files = (
				5663D5F127BDA8DE00F8F372 /* Assets.xcassets in Resources */,
			);
			runOnlyForDeploymentPostprocessing = 0;
		};
		5663D5D627BDA8DE00F8F372 /* Resources */ = {
			isa = PBXResourcesBuildPhase;
			buildActionMask = 2147483647;
			files = (
			);
			runOnlyForDeploymentPostprocessing = 0;
		};
		5663D5E227BDA8DE00F8F372 /* Resources */ = {
			isa = PBXResourcesBuildPhase;
			buildActionMask = 2147483647;
			files = (
			);
			runOnlyForDeploymentPostprocessing = 0;
		};
/* End PBXResourcesBuildPhase section */

/* Begin PBXSourcesBuildPhase section */
		5663D5C727BDA8DE00F8F372 /* Sources */ = {
			isa = PBXSourcesBuildPhase;
			buildActionMask = 2147483647;
			files = (
				56A874FF27C1249900C0F263 /* CryptoAssetResponse.swift in Sources */,
				5663D62027BDBE5F00F8F372 /* CryptoAssetRepositoryAPI.swift in Sources */,
				56A8750527C163A000C0F263 /* PriceResponse.swift in Sources */,
				56A8750327C1599E00C0F263 /* APIConstants.swift in Sources */,
				5663D5EE27BDA8DE00F8F372 /* RootView.swift in Sources */,
				5663D60727BDAA9A00F8F372 /* DashboardView.swift in Sources */,
				5663D61727BDBDE500F8F372 /* CryptoAssetFetchingClient.swift in Sources */,
				56A8750127C1300300C0F263 /* ROIResponse.swift in Sources */,
				5663D61127BDB75E00F8F372 /* AssetRow.swift in Sources */,
				5663D60C27BDAB8100F8F372 /* LocalizationConstants.swift in Sources */,
				5663D60E27BDAEB000F8F372 /* CryptoAsset.swift in Sources */,
				5663D5EC27BDA8DE00F8F372 /* BraveWalletHackApp.swift in Sources */,
				5663D61B27BDBE3D00F8F372 /* CryptoAssetRepository.swift in Sources */,
				5663D60A27BDAAA700F8F372 /* DashboardReducer.swift in Sources */,
			);
			runOnlyForDeploymentPostprocessing = 0;
		};
		5663D5CD27BDA8DE00F8F372 /* Sources */ = {
			isa = PBXSourcesBuildPhase;
			buildActionMask = 2147483647;
			files = (
				5663D5EF27BDA8DE00F8F372 /* RootView.swift in Sources */,
				5663D5ED27BDA8DE00F8F372 /* BraveWalletHackApp.swift in Sources */,
			);
			runOnlyForDeploymentPostprocessing = 0;
		};
		5663D5D427BDA8DE00F8F372 /* Sources */ = {
			isa = PBXSourcesBuildPhase;
			buildActionMask = 2147483647;
			files = (
				5663D5DF27BDA8DE00F8F372 /* Tests_iOSLaunchTests.swift in Sources */,
				5663D5DD27BDA8DE00F8F372 /* Tests_iOS.swift in Sources */,
			);
			runOnlyForDeploymentPostprocessing = 0;
		};
		5663D5E027BDA8DE00F8F372 /* Sources */ = {
			isa = PBXSourcesBuildPhase;
			buildActionMask = 2147483647;
			files = (
				5663D5EB27BDA8DE00F8F372 /* Tests_macOSLaunchTests.swift in Sources */,
				5663D5E927BDA8DE00F8F372 /* Tests_macOS.swift in Sources */,
			);
			runOnlyForDeploymentPostprocessing = 0;
		};
/* End PBXSourcesBuildPhase section */

/* Begin PBXTargetDependency section */
		5663D5DA27BDA8DE00F8F372 /* PBXTargetDependency */ = {
			isa = PBXTargetDependency;
			target = 5663D5CA27BDA8DE00F8F372 /* BraveWalletHack (iOS) */;
			targetProxy = 5663D5D927BDA8DE00F8F372 /* PBXContainerItemProxy */;
		};
		5663D5E627BDA8DE00F8F372 /* PBXTargetDependency */ = {
			isa = PBXTargetDependency;
			target = 5663D5D027BDA8DE00F8F372 /* BraveWalletHack (macOS) */;
			targetProxy = 5663D5E527BDA8DE00F8F372 /* PBXContainerItemProxy */;
		};
/* End PBXTargetDependency section */

/* Begin XCBuildConfiguration section */
		5663D5F227BDA8DE00F8F372 /* Debug */ = {
			isa = XCBuildConfiguration;
			buildSettings = {
				ALWAYS_SEARCH_USER_PATHS = NO;
				CLANG_ANALYZER_NONNULL = YES;
				CLANG_ANALYZER_NUMBER_OBJECT_CONVERSION = YES_AGGRESSIVE;
				CLANG_CXX_LANGUAGE_STANDARD = "gnu++17";
				CLANG_ENABLE_MODULES = YES;
				CLANG_ENABLE_OBJC_ARC = YES;
				CLANG_ENABLE_OBJC_WEAK = YES;
				CLANG_WARN_BLOCK_CAPTURE_AUTORELEASING = YES;
				CLANG_WARN_BOOL_CONVERSION = YES;
				CLANG_WARN_COMMA = YES;
				CLANG_WARN_CONSTANT_CONVERSION = YES;
				CLANG_WARN_DEPRECATED_OBJC_IMPLEMENTATIONS = YES;
				CLANG_WARN_DIRECT_OBJC_ISA_USAGE = YES_ERROR;
				CLANG_WARN_DOCUMENTATION_COMMENTS = YES;
				CLANG_WARN_EMPTY_BODY = YES;
				CLANG_WARN_ENUM_CONVERSION = YES;
				CLANG_WARN_INFINITE_RECURSION = YES;
				CLANG_WARN_INT_CONVERSION = YES;
				CLANG_WARN_NON_LITERAL_NULL_CONVERSION = YES;
				CLANG_WARN_OBJC_IMPLICIT_RETAIN_SELF = YES;
				CLANG_WARN_OBJC_LITERAL_CONVERSION = YES;
				CLANG_WARN_OBJC_ROOT_CLASS = YES_ERROR;
				CLANG_WARN_QUOTED_INCLUDE_IN_FRAMEWORK_HEADER = YES;
				CLANG_WARN_RANGE_LOOP_ANALYSIS = YES;
				CLANG_WARN_STRICT_PROTOTYPES = YES;
				CLANG_WARN_SUSPICIOUS_MOVE = YES;
				CLANG_WARN_UNGUARDED_AVAILABILITY = YES_AGGRESSIVE;
				CLANG_WARN_UNREACHABLE_CODE = YES;
				CLANG_WARN__DUPLICATE_METHOD_MATCH = YES;
				COPY_PHASE_STRIP = NO;
				DEBUG_INFORMATION_FORMAT = dwarf;
				ENABLE_STRICT_OBJC_MSGSEND = YES;
				ENABLE_TESTABILITY = YES;
				GCC_C_LANGUAGE_STANDARD = gnu11;
				GCC_DYNAMIC_NO_PIC = NO;
				GCC_NO_COMMON_BLOCKS = YES;
				GCC_OPTIMIZATION_LEVEL = 0;
				GCC_PREPROCESSOR_DEFINITIONS = (
					"DEBUG=1",
					"$(inherited)",
				);
				GCC_WARN_64_TO_32_BIT_CONVERSION = YES;
				GCC_WARN_ABOUT_RETURN_TYPE = YES_ERROR;
				GCC_WARN_UNDECLARED_SELECTOR = YES;
				GCC_WARN_UNINITIALIZED_AUTOS = YES_AGGRESSIVE;
				GCC_WARN_UNUSED_FUNCTION = YES;
				GCC_WARN_UNUSED_VARIABLE = YES;
				MTL_ENABLE_DEBUG_INFO = INCLUDE_SOURCE;
				MTL_FAST_MATH = YES;
				ONLY_ACTIVE_ARCH = YES;
				SWIFT_ACTIVE_COMPILATION_CONDITIONS = DEBUG;
				SWIFT_OPTIMIZATION_LEVEL = "-Onone";
			};
			name = Debug;
		};
		5663D5F327BDA8DE00F8F372 /* Release */ = {
			isa = XCBuildConfiguration;
			buildSettings = {
				ALWAYS_SEARCH_USER_PATHS = NO;
				CLANG_ANALYZER_NONNULL = YES;
				CLANG_ANALYZER_NUMBER_OBJECT_CONVERSION = YES_AGGRESSIVE;
				CLANG_CXX_LANGUAGE_STANDARD = "gnu++17";
				CLANG_ENABLE_MODULES = YES;
				CLANG_ENABLE_OBJC_ARC = YES;
				CLANG_ENABLE_OBJC_WEAK = YES;
				CLANG_WARN_BLOCK_CAPTURE_AUTORELEASING = YES;
				CLANG_WARN_BOOL_CONVERSION = YES;
				CLANG_WARN_COMMA = YES;
				CLANG_WARN_CONSTANT_CONVERSION = YES;
				CLANG_WARN_DEPRECATED_OBJC_IMPLEMENTATIONS = YES;
				CLANG_WARN_DIRECT_OBJC_ISA_USAGE = YES_ERROR;
				CLANG_WARN_DOCUMENTATION_COMMENTS = YES;
				CLANG_WARN_EMPTY_BODY = YES;
				CLANG_WARN_ENUM_CONVERSION = YES;
				CLANG_WARN_INFINITE_RECURSION = YES;
				CLANG_WARN_INT_CONVERSION = YES;
				CLANG_WARN_NON_LITERAL_NULL_CONVERSION = YES;
				CLANG_WARN_OBJC_IMPLICIT_RETAIN_SELF = YES;
				CLANG_WARN_OBJC_LITERAL_CONVERSION = YES;
				CLANG_WARN_OBJC_ROOT_CLASS = YES_ERROR;
				CLANG_WARN_QUOTED_INCLUDE_IN_FRAMEWORK_HEADER = YES;
				CLANG_WARN_RANGE_LOOP_ANALYSIS = YES;
				CLANG_WARN_STRICT_PROTOTYPES = YES;
				CLANG_WARN_SUSPICIOUS_MOVE = YES;
				CLANG_WARN_UNGUARDED_AVAILABILITY = YES_AGGRESSIVE;
				CLANG_WARN_UNREACHABLE_CODE = YES;
				CLANG_WARN__DUPLICATE_METHOD_MATCH = YES;
				COPY_PHASE_STRIP = NO;
				DEBUG_INFORMATION_FORMAT = "dwarf-with-dsym";
				ENABLE_NS_ASSERTIONS = NO;
				ENABLE_STRICT_OBJC_MSGSEND = YES;
				GCC_C_LANGUAGE_STANDARD = gnu11;
				GCC_NO_COMMON_BLOCKS = YES;
				GCC_WARN_64_TO_32_BIT_CONVERSION = YES;
				GCC_WARN_ABOUT_RETURN_TYPE = YES_ERROR;
				GCC_WARN_UNDECLARED_SELECTOR = YES;
				GCC_WARN_UNINITIALIZED_AUTOS = YES_AGGRESSIVE;
				GCC_WARN_UNUSED_FUNCTION = YES;
				GCC_WARN_UNUSED_VARIABLE = YES;
				MTL_ENABLE_DEBUG_INFO = NO;
				MTL_FAST_MATH = YES;
				SWIFT_COMPILATION_MODE = wholemodule;
				SWIFT_OPTIMIZATION_LEVEL = "-O";
			};
			name = Release;
		};
		5663D5F527BDA8DE00F8F372 /* Debug */ = {
			isa = XCBuildConfiguration;
			buildSettings = {
				ASSETCATALOG_COMPILER_APPICON_NAME = AppIcon;
				ASSETCATALOG_COMPILER_GLOBAL_ACCENT_COLOR_NAME = AccentColor;
				CODE_SIGN_STYLE = Automatic;
				CURRENT_PROJECT_VERSION = 1;
				DEVELOPMENT_TEAM = HMQ3S2C39A;
				ENABLE_PREVIEWS = YES;
				GENERATE_INFOPLIST_FILE = YES;
				INFOPLIST_KEY_UIApplicationSceneManifest_Generation = YES;
				INFOPLIST_KEY_UIApplicationSupportsIndirectInputEvents = YES;
				INFOPLIST_KEY_UILaunchScreen_Generation = YES;
				INFOPLIST_KEY_UISupportedInterfaceOrientations = "";
				INFOPLIST_KEY_UISupportedInterfaceOrientations_iPad = "UIInterfaceOrientationPortrait UIInterfaceOrientationPortraitUpsideDown UIInterfaceOrientationLandscapeLeft UIInterfaceOrientationLandscapeRight";
				INFOPLIST_KEY_UISupportedInterfaceOrientations_iPhone = "UIInterfaceOrientationPortrait UIInterfaceOrientationLandscapeLeft UIInterfaceOrientationLandscapeRight";
				IPHONEOS_DEPLOYMENT_TARGET = 15.4;
				LD_RUNPATH_SEARCH_PATHS = (
					"$(inherited)",
					"@executable_path/Frameworks",
				);
				MARKETING_VERSION = 1.0;
				PRODUCT_BUNDLE_IDENTIFIER = com.graysonho.BraveWalletHack;
				PRODUCT_NAME = BraveWalletHack;
				SDKROOT = iphoneos;
				SWIFT_EMIT_LOC_STRINGS = YES;
				SWIFT_VERSION = 5.0;
				TARGETED_DEVICE_FAMILY = "1,2";
			};
			name = Debug;
		};
		5663D5F627BDA8DE00F8F372 /* Release */ = {
			isa = XCBuildConfiguration;
			buildSettings = {
				ASSETCATALOG_COMPILER_APPICON_NAME = AppIcon;
				ASSETCATALOG_COMPILER_GLOBAL_ACCENT_COLOR_NAME = AccentColor;
				CODE_SIGN_STYLE = Automatic;
				CURRENT_PROJECT_VERSION = 1;
				DEVELOPMENT_TEAM = HMQ3S2C39A;
				ENABLE_PREVIEWS = YES;
				GENERATE_INFOPLIST_FILE = YES;
				INFOPLIST_KEY_UIApplicationSceneManifest_Generation = YES;
				INFOPLIST_KEY_UIApplicationSupportsIndirectInputEvents = YES;
				INFOPLIST_KEY_UILaunchScreen_Generation = YES;
				INFOPLIST_KEY_UISupportedInterfaceOrientations = "";
				INFOPLIST_KEY_UISupportedInterfaceOrientations_iPad = "UIInterfaceOrientationPortrait UIInterfaceOrientationPortraitUpsideDown UIInterfaceOrientationLandscapeLeft UIInterfaceOrientationLandscapeRight";
				INFOPLIST_KEY_UISupportedInterfaceOrientations_iPhone = "UIInterfaceOrientationPortrait UIInterfaceOrientationLandscapeLeft UIInterfaceOrientationLandscapeRight";
				IPHONEOS_DEPLOYMENT_TARGET = 15.4;
				LD_RUNPATH_SEARCH_PATHS = (
					"$(inherited)",
					"@executable_path/Frameworks",
				);
				MARKETING_VERSION = 1.0;
				PRODUCT_BUNDLE_IDENTIFIER = com.graysonho.BraveWalletHack;
				PRODUCT_NAME = BraveWalletHack;
				SDKROOT = iphoneos;
				SWIFT_EMIT_LOC_STRINGS = YES;
				SWIFT_VERSION = 5.0;
				TARGETED_DEVICE_FAMILY = "1,2";
				VALIDATE_PRODUCT = YES;
			};
			name = Release;
		};
		5663D5F827BDA8DE00F8F372 /* Debug */ = {
			isa = XCBuildConfiguration;
			buildSettings = {
				ASSETCATALOG_COMPILER_APPICON_NAME = AppIcon;
				ASSETCATALOG_COMPILER_GLOBAL_ACCENT_COLOR_NAME = AccentColor;
				CODE_SIGN_ENTITLEMENTS = macOS/macOS.entitlements;
				CODE_SIGN_STYLE = Automatic;
				COMBINE_HIDPI_IMAGES = YES;
				CURRENT_PROJECT_VERSION = 1;
				DEVELOPMENT_TEAM = HMQ3S2C39A;
				ENABLE_HARDENED_RUNTIME = YES;
				ENABLE_PREVIEWS = YES;
				GENERATE_INFOPLIST_FILE = YES;
				INFOPLIST_KEY_NSHumanReadableCopyright = "";
				LD_RUNPATH_SEARCH_PATHS = (
					"$(inherited)",
					"@executable_path/../Frameworks",
				);
				MACOSX_DEPLOYMENT_TARGET = 12.2;
				MARKETING_VERSION = 1.0;
				PRODUCT_BUNDLE_IDENTIFIER = com.graysonho.BraveWalletHack;
				PRODUCT_NAME = BraveWalletHack;
				SDKROOT = macosx;
				SWIFT_EMIT_LOC_STRINGS = YES;
				SWIFT_VERSION = 5.0;
			};
			name = Debug;
		};
		5663D5F927BDA8DE00F8F372 /* Release */ = {
			isa = XCBuildConfiguration;
			buildSettings = {
				ASSETCATALOG_COMPILER_APPICON_NAME = AppIcon;
				ASSETCATALOG_COMPILER_GLOBAL_ACCENT_COLOR_NAME = AccentColor;
				CODE_SIGN_ENTITLEMENTS = macOS/macOS.entitlements;
				CODE_SIGN_STYLE = Automatic;
				COMBINE_HIDPI_IMAGES = YES;
				CURRENT_PROJECT_VERSION = 1;
				DEVELOPMENT_TEAM = HMQ3S2C39A;
				ENABLE_HARDENED_RUNTIME = YES;
				ENABLE_PREVIEWS = YES;
				GENERATE_INFOPLIST_FILE = YES;
				INFOPLIST_KEY_NSHumanReadableCopyright = "";
				LD_RUNPATH_SEARCH_PATHS = (
					"$(inherited)",
					"@executable_path/../Frameworks",
				);
				MACOSX_DEPLOYMENT_TARGET = 12.2;
				MARKETING_VERSION = 1.0;
				PRODUCT_BUNDLE_IDENTIFIER = com.graysonho.BraveWalletHack;
				PRODUCT_NAME = BraveWalletHack;
				SDKROOT = macosx;
				SWIFT_EMIT_LOC_STRINGS = YES;
				SWIFT_VERSION = 5.0;
			};
			name = Release;
		};
		5663D5FB27BDA8DE00F8F372 /* Debug */ = {
			isa = XCBuildConfiguration;
			buildSettings = {
				ALWAYS_EMBED_SWIFT_STANDARD_LIBRARIES = YES;
				CODE_SIGN_STYLE = Automatic;
				CURRENT_PROJECT_VERSION = 1;
				DEVELOPMENT_TEAM = HMQ3S2C39A;
				GENERATE_INFOPLIST_FILE = YES;
				IPHONEOS_DEPLOYMENT_TARGET = 15.4;
				MARKETING_VERSION = 1.0;
				PRODUCT_BUNDLE_IDENTIFIER = "com.graysonho.Tests-iOS";
				PRODUCT_NAME = "$(TARGET_NAME)";
				SDKROOT = iphoneos;
				SWIFT_EMIT_LOC_STRINGS = NO;
				SWIFT_VERSION = 5.0;
				TARGETED_DEVICE_FAMILY = "1,2";
				TEST_TARGET_NAME = "BraveWalletHack (iOS)";
			};
			name = Debug;
		};
		5663D5FC27BDA8DE00F8F372 /* Release */ = {
			isa = XCBuildConfiguration;
			buildSettings = {
				ALWAYS_EMBED_SWIFT_STANDARD_LIBRARIES = YES;
				CODE_SIGN_STYLE = Automatic;
				CURRENT_PROJECT_VERSION = 1;
				DEVELOPMENT_TEAM = HMQ3S2C39A;
				GENERATE_INFOPLIST_FILE = YES;
				IPHONEOS_DEPLOYMENT_TARGET = 15.4;
				MARKETING_VERSION = 1.0;
				PRODUCT_BUNDLE_IDENTIFIER = "com.graysonho.Tests-iOS";
				PRODUCT_NAME = "$(TARGET_NAME)";
				SDKROOT = iphoneos;
				SWIFT_EMIT_LOC_STRINGS = NO;
				SWIFT_VERSION = 5.0;
				TARGETED_DEVICE_FAMILY = "1,2";
				TEST_TARGET_NAME = "BraveWalletHack (iOS)";
				VALIDATE_PRODUCT = YES;
			};
			name = Release;
		};
		5663D5FE27BDA8DE00F8F372 /* Debug */ = {
			isa = XCBuildConfiguration;
			buildSettings = {
				ALWAYS_EMBED_SWIFT_STANDARD_LIBRARIES = YES;
				CODE_SIGN_STYLE = Automatic;
				CURRENT_PROJECT_VERSION = 1;
				DEVELOPMENT_TEAM = HMQ3S2C39A;
				GENERATE_INFOPLIST_FILE = YES;
				MACOSX_DEPLOYMENT_TARGET = 12.2;
				MARKETING_VERSION = 1.0;
				PRODUCT_BUNDLE_IDENTIFIER = "com.graysonho.Tests-macOS";
				PRODUCT_NAME = "$(TARGET_NAME)";
				SDKROOT = macosx;
				SWIFT_EMIT_LOC_STRINGS = NO;
				SWIFT_VERSION = 5.0;
				TEST_TARGET_NAME = "BraveWalletHack (macOS)";
			};
			name = Debug;
		};
		5663D5FF27BDA8DE00F8F372 /* Release */ = {
			isa = XCBuildConfiguration;
			buildSettings = {
				ALWAYS_EMBED_SWIFT_STANDARD_LIBRARIES = YES;
				CODE_SIGN_STYLE = Automatic;
				CURRENT_PROJECT_VERSION = 1;
				DEVELOPMENT_TEAM = HMQ3S2C39A;
				GENERATE_INFOPLIST_FILE = YES;
				MACOSX_DEPLOYMENT_TARGET = 12.2;
				MARKETING_VERSION = 1.0;
				PRODUCT_BUNDLE_IDENTIFIER = "com.graysonho.Tests-macOS";
				PRODUCT_NAME = "$(TARGET_NAME)";
				SDKROOT = macosx;
				SWIFT_EMIT_LOC_STRINGS = NO;
				SWIFT_VERSION = 5.0;
				TEST_TARGET_NAME = "BraveWalletHack (macOS)";
			};
			name = Release;
		};
/* End XCBuildConfiguration section */

/* Begin XCConfigurationList section */
		5663D5C227BDA8DB00F8F372 /* Build configuration list for PBXProject "BraveWalletHack" */ = {
			isa = XCConfigurationList;
			buildConfigurations = (
				5663D5F227BDA8DE00F8F372 /* Debug */,
				5663D5F327BDA8DE00F8F372 /* Release */,
			);
			defaultConfigurationIsVisible = 0;
			defaultConfigurationName = Release;
		};
		5663D5F427BDA8DE00F8F372 /* Build configuration list for PBXNativeTarget "BraveWalletHack (iOS)" */ = {
			isa = XCConfigurationList;
			buildConfigurations = (
				5663D5F527BDA8DE00F8F372 /* Debug */,
				5663D5F627BDA8DE00F8F372 /* Release */,
			);
			defaultConfigurationIsVisible = 0;
			defaultConfigurationName = Release;
		};
		5663D5F727BDA8DE00F8F372 /* Build configuration list for PBXNativeTarget "BraveWalletHack (macOS)" */ = {
			isa = XCConfigurationList;
			buildConfigurations = (
				5663D5F827BDA8DE00F8F372 /* Debug */,
				5663D5F927BDA8DE00F8F372 /* Release */,
			);
			defaultConfigurationIsVisible = 0;
			defaultConfigurationName = Release;
		};
		5663D5FA27BDA8DE00F8F372 /* Build configuration list for PBXNativeTarget "Tests iOS" */ = {
			isa = XCConfigurationList;
			buildConfigurations = (
				5663D5FB27BDA8DE00F8F372 /* Debug */,
				5663D5FC27BDA8DE00F8F372 /* Release */,
			);
			defaultConfigurationIsVisible = 0;
			defaultConfigurationName = Release;
		};
		5663D5FD27BDA8DE00F8F372 /* Build configuration list for PBXNativeTarget "Tests macOS" */ = {
			isa = XCConfigurationList;
			buildConfigurations = (
				5663D5FE27BDA8DE00F8F372 /* Debug */,
				5663D5FF27BDA8DE00F8F372 /* Release */,
			);
			defaultConfigurationIsVisible = 0;
			defaultConfigurationName = Release;
		};
/* End XCConfigurationList section */

/* Begin XCRemoteSwiftPackageReference section */
		5663D60027BDA98C00F8F372 /* XCRemoteSwiftPackageReference "swift-composable-architecture" */ = {
			isa = XCRemoteSwiftPackageReference;
			repositoryURL = "https://github.com/pointfreeco/swift-composable-architecture";
			requirement = {
				kind = upToNextMajorVersion;
				minimumVersion = 0.9.0;
			};
		};
		5663D61227BDBAB700F8F372 /* XCRemoteSwiftPackageReference "Alamofire" */ = {
			isa = XCRemoteSwiftPackageReference;
			repositoryURL = "https://github.com/Alamofire/Alamofire.git";
			requirement = {
				kind = upToNextMajorVersion;
				minimumVersion = 5.5.0;
			};
		};
/* End XCRemoteSwiftPackageReference section */

/* Begin XCSwiftPackageProductDependency section */
		5663D60127BDA98C00F8F372 /* ComposableArchitecture */ = {
			isa = XCSwiftPackageProductDependency;
			package = 5663D60027BDA98C00F8F372 /* XCRemoteSwiftPackageReference "swift-composable-architecture" */;
			productName = ComposableArchitecture;
		};
		5663D61327BDBAB700F8F372 /* Alamofire */ = {
			isa = XCSwiftPackageProductDependency;
			package = 5663D61227BDBAB700F8F372 /* XCRemoteSwiftPackageReference "Alamofire" */;
			productName = Alamofire;
		};
/* End XCSwiftPackageProductDependency section */
	};
	rootObject = 5663D5BF27BDA8DB00F8F372 /* Project object */;
}
